
Microsoft Visual Studio Solution File, Format Version 12.00
# Visual Studio Version 16
VisualStudioVersion = 16.0.29519.87
MinimumVisualStudioVersion = 10.0.40219.1
Project("{9A19103F-16F7-4668-BE54-9A1E7A4F7556}") = "NorthWind.Spa", "NorthWind.Spa\NorthWind.Spa.csproj", "{B99E325F-FF47-4F1B-8D7E-A21C0B9D6621}"
EndProject
Project("{9A19103F-16F7-4668-BE54-9A1E7A4F7556}") = "NorthWind.Entities", "NorthWind.Entities\NorthWind.Entities.csproj", "{6B809AA7-6FFB-4B32-BBD6-83AE2EE62A18}"
EndProject
Project("{FAE04EC0-301F-11D3-BF4B-00C04F79EFBC}") = "NorthWind.Dal", "NorthWind.Dal\NorthWind.Dal.csproj", "{7CA537EE-AA13-49DD-9EDE-256FAA7DCF4C}"
EndProject
Global
	GlobalSection(SolutionConfigurationPlatforms) = preSolution
		Debug|Any CPU = Debug|Any CPU
		Release|Any CPU = Release|Any CPU
	EndGlobalSection
	GlobalSection(ProjectConfigurationPlatforms) = postSolution
		{B99E325F-FF47-4F1B-8D7E-A21C0B9D6621}.Debug|Any CPU.ActiveCfg = Debug|Any CPU
		{B99E325F-FF47-4F1B-8D7E-A21C0B9D6621}.Debug|Any CPU.Build.0 = Debug|Any CPU
		{B99E325F-FF47-4F1B-8D7E-A21C0B9D6621}.Release|Any CPU.ActiveCfg = Release|Any CPU
		{B99E325F-FF47-4F1B-8D7E-A21C0B9D6621}.Release|Any CPU.Build.0 = Release|Any CPU
		{6B809AA7-6FFB-4B32-BBD6-83AE2EE62A18}.Debug|Any CPU.ActiveCfg = Debug|Any CPU
		{6B809AA7-6FFB-4B32-BBD6-83AE2EE62A18}.Debug|Any CPU.Build.0 = Debug|Any CPU
		{6B809AA7-6FFB-4B32-BBD6-83AE2EE62A18}.Release|Any CPU.ActiveCfg = Release|Any CPU
		{6B809AA7-6FFB-4B32-BBD6-83AE2EE62A18}.Release|Any CPU.Build.0 = Release|Any CPU
		{7CA537EE-AA13-49DD-9EDE-256FAA7DCF4C}.Debug|Any CPU.ActiveCfg = Debug|Any CPU
		{7CA537EE-AA13-49DD-9EDE-256FAA7DCF4C}.Debug|Any CPU.Build.0 = Debug|Any CPU
		{7CA537EE-AA13-49DD-9EDE-256FAA7DCF4C}.Release|Any CPU.ActiveCfg = Release|Any CPU
		{7CA537EE-AA13-49DD-9EDE-256FAA7DCF4C}.Release|Any CPU.Build.0 = Release|Any CPU
	EndGlobalSection
	GlobalSection(SolutionProperties) = preSolution
		HideSolutionNode = FALSE
	EndGlobalSection
	GlobalSection(ExtensibilityGlobals) = postSolution
		SolutionGuid = {6824813F-ABEA-4B26-9E68-4F897CF5D569}
	EndGlobalSection
EndGlobal
